
Microsoft Visual Studio Solution File, Format Version 12.00
# Visual Studio Version 17
VisualStudioVersion = 17.0.31903.59
MinimumVisualStudioVersion = 10.0.40219.1
Project("{9A19103F-16F7-4668-BE54-9A1E7A4F7556}") = "DDD.Foundation", "src\DDD.Foundation\DDD.Foundation.csproj", "{14E19D02-A8E1-4598-949B-2E940557DB1F}"
EndProject
Project("{2150E333-8FDC-42A3-9474-1A3956D46DE8}") = "Solution Items", "Solution Items", "{FA0DC645-FA69-46C0-AEA3-4F6F32F02E70}"
	ProjectSection(SolutionItems) = preProject
		.gitignore = .gitignore
		Readme.md = Readme.md
	EndProjectSection
EndProject
Global
	GlobalSection(SolutionConfigurationPlatforms) = preSolution
		Debug|Any CPU = Debug|Any CPU
		Release|Any CPU = Release|Any CPU
	EndGlobalSection
	GlobalSection(ProjectConfigurationPlatforms) = postSolution
		{14E19D02-A8E1-4598-949B-2E940557DB1F}.Debug|Any CPU.ActiveCfg = Debug|Any CPU
		{14E19D02-A8E1-4598-949B-2E940557DB1F}.Debug|Any CPU.Build.0 = Debug|Any CPU
		{14E19D02-A8E1-4598-949B-2E940557DB1F}.Release|Any CPU.ActiveCfg = Release|Any CPU
		{14E19D02-A8E1-4598-949B-2E940557DB1F}.Release|Any CPU.Build.0 = Release|Any CPU
	EndGlobalSection
	GlobalSection(SolutionProperties) = preSolution
		HideSolutionNode = FALSE
	EndGlobalSection
	GlobalSection(ExtensibilityGlobals) = postSolution
		SolutionGuid = {3D9728E8-0AFF-45C2-AB1E-E57F8B14C2DF}
	EndGlobalSection
EndGlobal
